
Microsoft Visual Studio Solution File, Format Version 12.00
# Visual Studio Version 17
VisualStudioVersion = 17.3.32929.385
MinimumVisualStudioVersion = 10.0.40219.1
Project("{FAE04EC0-301F-11D3-BF4B-00C04F79EFBC}") = "PGPTEST3", "PGPTEST3\PGPTEST3.csproj", "{10FF2BFD-81B2-42D1-ADD8-7D9D644DF2BC}"
EndProject
Global
	GlobalSection(SolutionConfigurationPlatforms) = preSolution
		Debug|Any CPU = Debug|Any CPU
		Release|Any CPU = Release|Any CPU
	EndGlobalSection
	GlobalSection(ProjectConfigurationPlatforms) = postSolution
		{10FF2BFD-81B2-42D1-ADD8-7D9D644DF2BC}.Debug|Any CPU.ActiveCfg = Debug|Any CPU
		{10FF2BFD-81B2-42D1-ADD8-7D9D644DF2BC}.Debug|Any CPU.Build.0 = Debug|Any CPU
		{10FF2BFD-81B2-42D1-ADD8-7D9D644DF2BC}.Release|Any CPU.ActiveCfg = Release|Any CPU
		{10FF2BFD-81B2-42D1-ADD8-7D9D644DF2BC}.Release|Any CPU.Build.0 = Release|Any CPU
	EndGlobalSection
	GlobalSection(SolutionProperties) = preSolution
		HideSolutionNode = FALSE
	EndGlobalSection
	GlobalSection(ExtensibilityGlobals) = postSolution
		SolutionGuid = {4965D9CE-493C-42CF-9A53-DEC9312B789C}
	EndGlobalSection
EndGlobal
