
Microsoft Visual Studio Solution File, Format Version 12.00
# Visual Studio Version 17
VisualStudioVersion = 17.3.32929.385
MinimumVisualStudioVersion = 10.0.40219.1
Project("{FAE04EC0-301F-11D3-BF4B-00C04F79EFBC}") = "PGPTEST2", "PGPTEST2\PGPTEST2.csproj", "{9A1F3DFB-53A7-4560-8A82-201413FEF6EE}"
EndProject
Global
	GlobalSection(SolutionConfigurationPlatforms) = preSolution
		Debug|Any CPU = Debug|Any CPU
		Release|Any CPU = Release|Any CPU
	EndGlobalSection
	GlobalSection(ProjectConfigurationPlatforms) = postSolution
		{9A1F3DFB-53A7-4560-8A82-201413FEF6EE}.Debug|Any CPU.ActiveCfg = Debug|Any CPU
		{9A1F3DFB-53A7-4560-8A82-201413FEF6EE}.Debug|Any CPU.Build.0 = Debug|Any CPU
		{9A1F3DFB-53A7-4560-8A82-201413FEF6EE}.Release|Any CPU.ActiveCfg = Release|Any CPU
		{9A1F3DFB-53A7-4560-8A82-201413FEF6EE}.Release|Any CPU.Build.0 = Release|Any CPU
	EndGlobalSection
	GlobalSection(SolutionProperties) = preSolution
		HideSolutionNode = FALSE
	EndGlobalSection
	GlobalSection(ExtensibilityGlobals) = postSolution
		SolutionGuid = {C9A1120C-4F4C-491F-8D1B-FBF689828FF1}
	EndGlobalSection
EndGlobal
